
Microsoft Visual Studio Solution File, Format Version 12.00
# Visual Studio Version 17
VisualStudioVersion = 17.2.32505.173
MinimumVisualStudioVersion = 10.0.40219.1
Project("{FAE04EC0-301F-11D3-BF4B-00C04F79EFBC}") = "LetsPet_Cadastros", "LetsPet_Cadastros\LetsPet_Cadastros.csproj", "{75801008-C307-4594-B823-6B5F85A175E6}"
EndProject
Global
	GlobalSection(SolutionConfigurationPlatforms) = preSolution
		Debug|Any CPU = Debug|Any CPU
		Release|Any CPU = Release|Any CPU
	EndGlobalSection
	GlobalSection(ProjectConfigurationPlatforms) = postSolution
		{75801008-C307-4594-B823-6B5F85A175E6}.Debug|Any CPU.ActiveCfg = Debug|Any CPU
		{75801008-C307-4594-B823-6B5F85A175E6}.Debug|Any CPU.Build.0 = Debug|Any CPU
		{75801008-C307-4594-B823-6B5F85A175E6}.Release|Any CPU.ActiveCfg = Release|Any CPU
		{75801008-C307-4594-B823-6B5F85A175E6}.Release|Any CPU.Build.0 = Release|Any CPU
	EndGlobalSection
	GlobalSection(SolutionProperties) = preSolution
		HideSolutionNode = FALSE
	EndGlobalSection
	GlobalSection(ExtensibilityGlobals) = postSolution
		SolutionGuid = {8D8250B7-43F1-4790-AE79-B8331A58B864}
	EndGlobalSection
EndGlobal
